
Microsoft Visual Studio Solution File, Format Version 12.00
# Visual Studio 15
VisualStudioVersion = 15.0.28307.168
MinimumVisualStudioVersion = 10.0.40219.1
Project("{FAE04EC0-301F-11D3-BF4B-00C04F79EFBC}") = "devopsreactapp", "devopsreactapp\devopsreactapp.csproj", "{FBA48346-5EB4-46B0-8FB2-88D95916C049}"
EndProject
Global
	GlobalSection(SolutionConfigurationPlatforms) = preSolution
		Debug|Any CPU = Debug|Any CPU
		Release|Any CPU = Release|Any CPU
	EndGlobalSection
	GlobalSection(ProjectConfigurationPlatforms) = postSolution
		{FBA48346-5EB4-46B0-8FB2-88D95916C049}.Debug|Any CPU.ActiveCfg = Debug|Any CPU
		{FBA48346-5EB4-46B0-8FB2-88D95916C049}.Debug|Any CPU.Build.0 = Debug|Any CPU
		{FBA48346-5EB4-46B0-8FB2-88D95916C049}.Release|Any CPU.ActiveCfg = Release|Any CPU
		{FBA48346-5EB4-46B0-8FB2-88D95916C049}.Release|Any CPU.Build.0 = Release|Any CPU
	EndGlobalSection
	GlobalSection(SolutionProperties) = preSolution
		HideSolutionNode = FALSE
	EndGlobalSection
	GlobalSection(ExtensibilityGlobals) = postSolution
		SolutionGuid = {A36210A8-7298-4FE2-AB82-19937997133F}
	EndGlobalSection
EndGlobal
